
Microsoft Visual Studio Solution File, Format Version 12.00
# Visual Studio 15
VisualStudioVersion = 15.0.28307.1062
MinimumVisualStudioVersion = 10.0.40219.1
Project("{FAE04EC0-301F-11D3-BF4B-00C04F79EFBC}") = "totalsale_report", "totalsale_report\totalsale_report.csproj", "{A19E78FB-9947-48B0-8DCB-533E5F9F1307}"
EndProject
Global
	GlobalSection(SolutionConfigurationPlatforms) = preSolution
		Debug|Any CPU = Debug|Any CPU
		Release|Any CPU = Release|Any CPU
	EndGlobalSection
	GlobalSection(ProjectConfigurationPlatforms) = postSolution
		{A19E78FB-9947-48B0-8DCB-533E5F9F1307}.Debug|Any CPU.ActiveCfg = Debug|Any CPU
		{A19E78FB-9947-48B0-8DCB-533E5F9F1307}.Debug|Any CPU.Build.0 = Debug|Any CPU
		{A19E78FB-9947-48B0-8DCB-533E5F9F1307}.Release|Any CPU.ActiveCfg = Release|Any CPU
		{A19E78FB-9947-48B0-8DCB-533E5F9F1307}.Release|Any CPU.Build.0 = Release|Any CPU
	EndGlobalSection
	GlobalSection(SolutionProperties) = preSolution
		HideSolutionNode = FALSE
	EndGlobalSection
	GlobalSection(ExtensibilityGlobals) = postSolution
		SolutionGuid = {35CBC722-B601-4096-B9A8-BD0A4F92A98A}
	EndGlobalSection
EndGlobal
